
Microsoft Visual Studio Solution File, Format Version 12.00
# Visual Studio Version 17
VisualStudioVersion = 17.2.32505.173
MinimumVisualStudioVersion = 10.0.40219.1
Project("{9A19103F-16F7-4668-BE54-9A1E7A4F7556}") = "Example2", "Example2.csproj", "{93C6D7D0-239E-4121-A757-C09C611F6129}"
EndProject
Project("{2150E333-8FDC-42A3-9474-1A3956D46DE8}") = "Элементы решения", "Элементы решения", "{E1585954-2F08-4E5C-BBF4-06391100AA23}"
EndProject
Global
	GlobalSection(SolutionConfigurationPlatforms) = preSolution
		Debug|Any CPU = Debug|Any CPU
		Release|Any CPU = Release|Any CPU
	EndGlobalSection
	GlobalSection(ProjectConfigurationPlatforms) = postSolution
		{93C6D7D0-239E-4121-A757-C09C611F6129}.Debug|Any CPU.ActiveCfg = Debug|Any CPU
		{93C6D7D0-239E-4121-A757-C09C611F6129}.Debug|Any CPU.Build.0 = Debug|Any CPU
		{93C6D7D0-239E-4121-A757-C09C611F6129}.Release|Any CPU.ActiveCfg = Release|Any CPU
		{93C6D7D0-239E-4121-A757-C09C611F6129}.Release|Any CPU.Build.0 = Release|Any CPU
	EndGlobalSection
	GlobalSection(SolutionProperties) = preSolution
		HideSolutionNode = FALSE
	EndGlobalSection
	GlobalSection(ExtensibilityGlobals) = postSolution
		SolutionGuid = {CF68F2B8-898B-4625-BBC3-5E7FED72A87B}
	EndGlobalSection
EndGlobal
